
Microsoft Visual Studio Solution File, Format Version 12.00
# Visual Studio Version 16
VisualStudioVersion = 16.0.30804.86
MinimumVisualStudioVersion = 10.0.40219.1
Project("{9A19103F-16F7-4668-BE54-9A1E7A4F7556}") = "API", "API.csproj", "{B450DECD-A299-48EC-B043-A18B41CBBCF1}"
EndProject
Project("{2150E333-8FDC-42A3-9474-1A3956D46DE8}") = "Models", "Models", "{F0C5FA60-C3A8-40B4-A63D-44D05BC5D4F4}"
	ProjectSection(SolutionItems) = preProject
		CustomerContext.cs = CustomerContext.cs
		CustomerProperties.cs = CustomerProperties.cs
	EndProjectSection
EndProject
Global
	GlobalSection(SolutionConfigurationPlatforms) = preSolution
		Debug|Any CPU = Debug|Any CPU
		Release|Any CPU = Release|Any CPU
	EndGlobalSection
	GlobalSection(ProjectConfigurationPlatforms) = postSolution
		{B450DECD-A299-48EC-B043-A18B41CBBCF1}.Debug|Any CPU.ActiveCfg = Debug|Any CPU
		{B450DECD-A299-48EC-B043-A18B41CBBCF1}.Debug|Any CPU.Build.0 = Debug|Any CPU
		{B450DECD-A299-48EC-B043-A18B41CBBCF1}.Release|Any CPU.ActiveCfg = Release|Any CPU
		{B450DECD-A299-48EC-B043-A18B41CBBCF1}.Release|Any CPU.Build.0 = Release|Any CPU
	EndGlobalSection
	GlobalSection(SolutionProperties) = preSolution
		HideSolutionNode = FALSE
	EndGlobalSection
	GlobalSection(ExtensibilityGlobals) = postSolution
		SolutionGuid = {C9418A37-C3D8-4015-A1A8-AD989C7E064D}
	EndGlobalSection
EndGlobal
